
Microsoft Visual Studio Solution File, Format Version 12.00
# Visual Studio Version 17
VisualStudioVersion = 17.3.32819.101
MinimumVisualStudioVersion = 10.0.40219.1
Project("{FAE04EC0-301F-11D3-BF4B-00C04F79EFBC}") = "LinkedListProblem", "LinkedListProblem.csproj", "{74AABA02-FD42-44E5-89E6-F2967A035697}"
EndProject
Global
	GlobalSection(SolutionConfigurationPlatforms) = preSolution
		Debug|Any CPU = Debug|Any CPU
		Release|Any CPU = Release|Any CPU
	EndGlobalSection
	GlobalSection(ProjectConfigurationPlatforms) = postSolution
		{74AABA02-FD42-44E5-89E6-F2967A035697}.Debug|Any CPU.ActiveCfg = Debug|Any CPU
		{74AABA02-FD42-44E5-89E6-F2967A035697}.Debug|Any CPU.Build.0 = Debug|Any CPU
		{74AABA02-FD42-44E5-89E6-F2967A035697}.Release|Any CPU.ActiveCfg = Release|Any CPU
		{74AABA02-FD42-44E5-89E6-F2967A035697}.Release|Any CPU.Build.0 = Release|Any CPU
	EndGlobalSection
	GlobalSection(SolutionProperties) = preSolution
		HideSolutionNode = FALSE
	EndGlobalSection
	GlobalSection(ExtensibilityGlobals) = postSolution
		SolutionGuid = {1E23610D-67A7-4B5C-88AC-D563435912FB}
	EndGlobalSection
EndGlobal
